
Microsoft Visual Studio Solution File, Format Version 12.00
# Visual Studio Version 17
VisualStudioVersion = 17.6.33829.357
MinimumVisualStudioVersion = 10.0.40219.1
Project("{FAE04EC0-301F-11D3-BF4B-00C04F79EFBC}") = "RestWithMysql", "RestWithMysql.csproj", "{F187E07C-AE1F-49E8-A10B-098E3E09C597}"
EndProject
Global
	GlobalSection(SolutionConfigurationPlatforms) = preSolution
		Debug|Any CPU = Debug|Any CPU
		Release|Any CPU = Release|Any CPU
	EndGlobalSection
	GlobalSection(ProjectConfigurationPlatforms) = postSolution
		{F187E07C-AE1F-49E8-A10B-098E3E09C597}.Debug|Any CPU.ActiveCfg = Debug|Any CPU
		{F187E07C-AE1F-49E8-A10B-098E3E09C597}.Debug|Any CPU.Build.0 = Debug|Any CPU
		{F187E07C-AE1F-49E8-A10B-098E3E09C597}.Release|Any CPU.ActiveCfg = Release|Any CPU
		{F187E07C-AE1F-49E8-A10B-098E3E09C597}.Release|Any CPU.Build.0 = Release|Any CPU
	EndGlobalSection
	GlobalSection(SolutionProperties) = preSolution
		HideSolutionNode = FALSE
	EndGlobalSection
	GlobalSection(ExtensibilityGlobals) = postSolution
		SolutionGuid = {69DFDE8F-21B0-4350-8525-F93C5BF7E330}
	EndGlobalSection
EndGlobal
